# THIS IS AN AUTOGENERATED FILE. DO NOT EDIT THIS FILE DIRECTLY.
# yarn lockfile v1


"@next/font@^14.2.4":
  version "14.2.4"
  resolved "https://registry.yarnpkg.com/@next/font/-/font-14.2.4.tgz#7287aa9b3ed937e5e1ab0fbc5170ba579ea53101"
  integrity sha512-RPB5kQk8jo8ZeiuryobDuV58FxB3VAiN+ckZ0zPKRl/4YLTSSekMUCwpoqav6y/bL2+hJCWjN8RMgjrBHT6r/g==
