# THIS IS AN AUTOGENERATED FILE. DO NOT EDIT THIS FILE DIRECTLY.
# yarn lockfile v1


"@next/font@^14.2.4":
  version "14.2.4"
  resolved "https://registry.yarnpkg.com/@next/font/-/font-14.2.4.tgz#7287aa9b3ed937e5e1ab0fbc5170ba579ea53101"
  integrity sha512-RPB5kQk8jo8ZeiuryobDuV58FxB3VAiN+ckZ0zPKRl/4YLTSSekMUCwpoqav6y/bL2+hJCWjN8RMgjrBHT6r/g==

"@types/prop-types@*":
  version "15.7.12"
  resolved "https://registry.yarnpkg.com/@types/prop-types/-/prop-types-15.7.12.tgz#12bb1e2be27293c1406acb6af1c3f3a1481d98c6"
  integrity sha512-5zvhXYtRNRluoE/jAp4GVsSduVUzNWKkOZrCDBWYtE7biZywwdC2AcEzg+cSMLFRfVgeAFqpfNabiPjxFddV1Q==

"@types/react@*":
  version "18.3.3"
  resolved "https://registry.yarnpkg.com/@types/react/-/react-18.3.3.tgz#9679020895318b0915d7a3ab004d92d33375c45f"
  integrity sha512-hti/R0pS0q1/xx+TsI73XIqk26eBsISZ2R0wUijXIngRK9R/e7Xw/cXVxQK7R5JjW+SV4zGcn5hXjudkN/pLIw==
  dependencies:
    "@types/prop-types" "*"
    csstype "^3.0.2"

csstype@^3.0.2:
  version "3.1.3"
  resolved "https://registry.yarnpkg.com/csstype/-/csstype-3.1.3.tgz#d80ff294d114fb0e6ac500fbf85b60137d7eff81"
  integrity sha512-M1uQkMl8rQK/szD0LNhtqxIPLpimGm8sOBwU7lLnCpSbTyY3yeU1Vc7l4KT5zT4s/yOxHH5O7tIuuLOCnLADRw==

"js-tokens@^3.0.0 || ^4.0.0":
  version "4.0.0"
  resolved "https://registry.yarnpkg.com/js-tokens/-/js-tokens-4.0.0.tgz#19203fb59991df98e3a287050d4647cdeaf32499"
  integrity sha512-RdJUflcE3cUzKiMqQgsCu06FPu9UdIJO0beYbPhHN4k6apgJtifcoCtT9bcxOpYBtpD2kCM6Sbzg4CausW/PKQ==

loose-envify@^1.4.0:
  version "1.4.0"
  resolved "https://registry.yarnpkg.com/loose-envify/-/loose-envify-1.4.0.tgz#71ee51fa7be4caec1a63839f7e682d8132d30caf"
  integrity sha512-lyuxPGr/Wfhrlem2CL/UcnUc1zcqKAImBDzukY7Y5F/yQiNdko6+fRLevlw1HgMySw7f611UIY408EtxRSoK3Q==
  dependencies:
    js-tokens "^3.0.0 || ^4.0.0"

object-assign@^4.1.1:
  version "4.1.1"
  resolved "https://registry.yarnpkg.com/object-assign/-/object-assign-4.1.1.tgz#2109adc7965887cfc05cbbd442cac8bfbb360863"
  integrity sha512-rJgTQnkUnH1sFw8yT6VSU3zD3sWmu6sZhIseY8VX+GRu3P6F7Fu+JNDoXfklElbLJSnc3FUQHVe4cU5hj+BcUg==

prop-types@^15.6.0:
  version "15.8.1"
  resolved "https://registry.yarnpkg.com/prop-types/-/prop-types-15.8.1.tgz#67d87bf1a694f48435cf332c24af10214a3140b5"
  integrity sha512-oj87CgZICdulUohogVAR7AjlC0327U4el4L6eAvOqCeudMDVU0NThNaV+b9Df4dXgSP1gXMTnPdhfe/2qDH5cg==
  dependencies:
    loose-envify "^1.4.0"
    object-assign "^4.1.1"
    react-is "^16.13.1"

react-google-login@^5.2.2:
  version "5.2.2"
  resolved "https://registry.yarnpkg.com/react-google-login/-/react-google-login-5.2.2.tgz#a20b46440c6c1610175ef75baf427118ff0e9859"
  integrity sha512-JUngfvaSMcOuV0lFff7+SzJ2qviuNMQdqlsDJkUM145xkGPVIfqWXq9Ui+2Dr6jdJWH5KYdynz9+4CzKjI5u6g==
  dependencies:
    "@types/react" "*"
    prop-types "^15.6.0"

react-icon@^1.0.0:
  version "1.0.0"
  resolved "https://registry.yarnpkg.com/react-icon/-/react-icon-1.0.0.tgz#6038598eb07fb3e64b3e7865d271f79f3559de0b"
  integrity sha512-VzSlpBHnLanVw79mOxyq98hWDi6DlxK9qPiZ1bAK6bLurMBCaxO/jjyYUrRx9+JGLc/NbnwOmyE/W5Qglbb2QA==

react-is@^16.13.1:
  version "16.13.1"
  resolved "https://registry.yarnpkg.com/react-is/-/react-is-16.13.1.tgz#789729a4dc36de2999dc156dd6c1d9c18cea56a4"
  integrity sha512-24e6ynE2H+OKt4kqsOvNd8kBpV65zoxbA4BVsEOB3ARVWQki/DHzaUoC5KuON/BiccDaCCTZBuOcfZs70kR8bQ==
